
Microsoft Visual Studio Solution File, Format Version 12.00
# Visual Studio Version 17
VisualStudioVersion = 17.11.35327.3
MinimumVisualStudioVersion = 10.0.40219.1
Project("{2150E333-8FDC-42A3-9474-1A3956D46DE8}") = "Services", "Services", "{4960C5B5-19D0-4E4E-A1ED-590D247AF410}"
EndProject
Project("{2150E333-8FDC-42A3-9474-1A3956D46DE8}") = "Catalog", "Catalog", "{D5433CB9-D997-45A4-B831-F64BCB92E924}"
EndProject
Project("{9A19103F-16F7-4668-BE54-9A1E7A4F7556}") = "Catalog.API", "Services\Catalog\Catalog.API\Catalog.API.csproj", "{CD1E6332-B5B8-413F-A163-01D950466299}"
EndProject
Project("{2150E333-8FDC-42A3-9474-1A3956D46DE8}") = "BuildingBlocks", "BuildingBlocks", "{AD78EFC2-DE5C-40CD-B97D-D27EF0D28898}"
EndProject
Project("{9A19103F-16F7-4668-BE54-9A1E7A4F7556}") = "BuildingBlocks", "BuildingBlocks\BuildingBlocks\BuildingBlocks.csproj", "{DD2F1E1F-B147-4EC4-BF72-BE1984198A0E}"
EndProject
Project("{E53339B2-1760-4266-BCC7-CA923CBCF16C}") = "docker-compose", "docker-compose.dcproj", "{80F67B24-5DCB-480C-8C6E-789573DAD07C}"
EndProject
Project("{2150E333-8FDC-42A3-9474-1A3956D46DE8}") = "Basket", "Basket", "{5BF9DDBD-7B70-41D8-BBF3-CC2896DD6E24}"
EndProject
Project("{FAE04EC0-301F-11D3-BF4B-00C04F79EFBC}") = "Basket.API", "Services\Basket\Basket.API\Basket.API.csproj", "{AFBB7770-C523-46F0-A1EF-5052EB43FC41}"
EndProject
Global
	GlobalSection(SolutionConfigurationPlatforms) = preSolution
		Debug|Any CPU = Debug|Any CPU
		Release|Any CPU = Release|Any CPU
	EndGlobalSection
	GlobalSection(ProjectConfigurationPlatforms) = postSolution
		{CD1E6332-B5B8-413F-A163-01D950466299}.Debug|Any CPU.ActiveCfg = Debug|Any CPU
		{CD1E6332-B5B8-413F-A163-01D950466299}.Debug|Any CPU.Build.0 = Debug|Any CPU
		{CD1E6332-B5B8-413F-A163-01D950466299}.Release|Any CPU.ActiveCfg = Release|Any CPU
		{CD1E6332-B5B8-413F-A163-01D950466299}.Release|Any CPU.Build.0 = Release|Any CPU
		{DD2F1E1F-B147-4EC4-BF72-BE1984198A0E}.Debug|Any CPU.ActiveCfg = Debug|Any CPU
		{DD2F1E1F-B147-4EC4-BF72-BE1984198A0E}.Debug|Any CPU.Build.0 = Debug|Any CPU
		{DD2F1E1F-B147-4EC4-BF72-BE1984198A0E}.Release|Any CPU.ActiveCfg = Release|Any CPU
		{DD2F1E1F-B147-4EC4-BF72-BE1984198A0E}.Release|Any CPU.Build.0 = Release|Any CPU
		{80F67B24-5DCB-480C-8C6E-789573DAD07C}.Debug|Any CPU.ActiveCfg = Debug|Any CPU
		{80F67B24-5DCB-480C-8C6E-789573DAD07C}.Debug|Any CPU.Build.0 = Debug|Any CPU
		{80F67B24-5DCB-480C-8C6E-789573DAD07C}.Release|Any CPU.ActiveCfg = Release|Any CPU
		{80F67B24-5DCB-480C-8C6E-789573DAD07C}.Release|Any CPU.Build.0 = Release|Any CPU
		{AFBB7770-C523-46F0-A1EF-5052EB43FC41}.Debug|Any CPU.ActiveCfg = Debug|Any CPU
		{AFBB7770-C523-46F0-A1EF-5052EB43FC41}.Debug|Any CPU.Build.0 = Debug|Any CPU
		{AFBB7770-C523-46F0-A1EF-5052EB43FC41}.Release|Any CPU.ActiveCfg = Release|Any CPU
		{AFBB7770-C523-46F0-A1EF-5052EB43FC41}.Release|Any CPU.Build.0 = Release|Any CPU
	EndGlobalSection
	GlobalSection(SolutionProperties) = preSolution
		HideSolutionNode = FALSE
	EndGlobalSection
	GlobalSection(NestedProjects) = preSolution
		{D5433CB9-D997-45A4-B831-F64BCB92E924} = {4960C5B5-19D0-4E4E-A1ED-590D247AF410}
		{CD1E6332-B5B8-413F-A163-01D950466299} = {D5433CB9-D997-45A4-B831-F64BCB92E924}
		{DD2F1E1F-B147-4EC4-BF72-BE1984198A0E} = {AD78EFC2-DE5C-40CD-B97D-D27EF0D28898}
		{5BF9DDBD-7B70-41D8-BBF3-CC2896DD6E24} = {4960C5B5-19D0-4E4E-A1ED-590D247AF410}
		{AFBB7770-C523-46F0-A1EF-5052EB43FC41} = {5BF9DDBD-7B70-41D8-BBF3-CC2896DD6E24}
	EndGlobalSection
	GlobalSection(ExtensibilityGlobals) = postSolution
		SolutionGuid = {E6004022-662C-4B49-89E0-5E2C22E15F83}
	EndGlobalSection
EndGlobal
